<?xml version="1.0" encoding="utf-8"?>
<Project ToolsVersion="4.0" xmlns="http://schemas.microsoft.com/developer/msbuild/2003">
  <ItemGroup>
    <Filter Include="Source Files">
      <UniqueIdentifier>{4FC737F1-C7A5-4376-A066-2A32D752A2FF}</UniqueIdentifier>
      <Extensions>cpp;c;cc;cxx;c++;cppm;ixx;def;odl;idl;hpj;bat;asm;asmx</Extensions>
    </Filter>
    <Filter Include="Header Files">
      <UniqueIdentifier>{93995380-89BD-4b04-88EB-625FBE52EBFB}</UniqueIdentifier>
      <Extensions>h;hh;hpp;hxx;h++;hm;inl;inc;ipp;xsd</Extensions>
    </Filter>
    <Filter Include="Resource Files">
      <UniqueIdentifier>{67DA6AB6-F800-4c08-8B7A-83BB121AAD01}</UniqueIdentifier>
      <Extensions>rc;ico;cur;bmp;dlg;rc2;rct;bin;rgs;gif;jpg;jpeg;jpe;resx;tiff;tif;png;wav;mfcribbon-ms</Extensions>
    </Filter>
    <Filter Include="Header Files\SQL">
      <UniqueIdentifier>{f69ab2b9-ce57-4fb9-bba0-7f83d8282e6c}</UniqueIdentifier>
    </Filter>
  </ItemGroup>
  <ItemGroup>
    <ClCompile Include="main.cpp">
      <Filter>Source Files</Filter>
    </ClCompile>
    <ClCompile Include="AppWindow.cpp">
      <Filter>Source Files</Filter>
    </ClCompile>
    <ClCompile Include="Utility.cpp">
      <Filter>Source Files</Filter>
    </ClCompile>
    <ClCompile Include="Database.cpp">
      <Filter>Source Files</Filter>
    </ClCompile>
    <ClCompile Include="ListView.cpp">
      <Filter>Source Files</Filter>
    </ClCompile>
    <ClCompile Include="Window.cpp">
      <Filter>Source Files</Filter>
    </ClCompile>
    <ClCompile Include="Renderer.cpp">
      <Filter>Source Files</Filter>
    </ClCompile>
    <ClCompile Include="sqlite\shell.c">
      <Filter>Header Files\SQL</Filter>
    </ClCompile>
    <ClCompile Include="sqlite\sqlite3.c">
      <Filter>Header Files\SQL</Filter>
    </ClCompile>
    <ClCompile Include="TabManager.cpp">
      <Filter>Source Files</Filter>
    </ClCompile>
    <ClCompile Include="Tab.cpp">
      <Filter>Source Files</Filter>
    </ClCompile>
    <ClCompile Include="MainTab.cpp">
      <Filter>Source Files</Filter>
    </ClCompile>
    <ClCompile Include="ExportTab.cpp">
      <Filter>Source Files</Filter>
    </ClCompile>
    <ClCompile Include="HistoryTab.cpp">
      <Filter>Source Files</Filter>
    </ClCompile>
    <ClCompile Include="SettingsTab.cpp">
      <Filter>Source Files</Filter>
    </ClCompile>
    <ClCompile Include="ObjectTab.cpp">
      <Filter>Source Files</Filter>
    </ClCompile>
  </ItemGroup>
  <ItemGroup>
    <ClInclude Include="AppWindow.h">
      <Filter>Header Files</Filter>
    </ClInclude>
    <ClInclude Include="Utility.h">
      <Filter>Header Files</Filter>
    </ClInclude>
    <ClInclude Include="Database.h">
      <Filter>Header Files</Filter>
    </ClInclude>
    <ClInclude Include="ListView.h">
      <Filter>Header Files</Filter>
    </ClInclude>
    <ClInclude Include="Window.h">
      <Filter>Header Files</Filter>
    </ClInclude>
    <ClInclude Include="Renderer.h">
      <Filter>Header Files</Filter>
    </ClInclude>
    <ClInclude Include="sqlite\sqlite3.h">
      <Filter>Header Files\SQL</Filter>
    </ClInclude>
    <ClInclude Include="sqlite\sqlite3ext.h">
      <Filter>Header Files\SQL</Filter>
    </ClInclude>
    <ClInclude Include="TabManager.h">
      <Filter>Header Files</Filter>
    </ClInclude>
    <ClInclude Include="Tab.h">
      <Filter>Header Files</Filter>
    </ClInclude>
    <ClInclude Include="MainTab.h">
      <Filter>Header Files</Filter>
    </ClInclude>
    <ClInclude Include="ExportTab.h">
      <Filter>Header Files</Filter>
    </ClInclude>
    <ClInclude Include="resource.h">
      <Filter>Header Files</Filter>
    </ClInclude>
    <ClInclude Include="HistoryTab.h">
      <Filter>Header Files</Filter>
    </ClInclude>
    <ClInclude Include="SettingsTab.h">
      <Filter>Header Files</Filter>
    </ClInclude>
    <ClInclude Include="ObjectTab.h">
      <Filter>Header Files</Filter>
    </ClInclude>
  </ItemGroup>
  <ItemGroup>
    <ResourceCompile Include="Gatekeeper.rc">
      <Filter>Resource Files</Filter>
    </ResourceCompile>
  </ItemGroup>
  <ItemGroup>
    <Image Include="resources\sva-logo-full.bmp">
      <Filter>Resource Files</Filter>
    </Image>
    <Image Include="resources\sva_logo.ico">
      <Filter>Resource Files</Filter>
    </Image>
    <Image Include="resources\x.ico">
      <Filter>Resource Files</Filter>
    </Image>
    <Image Include="resources\edit.ico">
      <Filter>Resource Files</Filter>
    </Image>
    <Image Include="resources\deactivated.ico">
      <Filter>Resource Files</Filter>
    </Image>
    <Image Include="resources\search.ico">
      <Filter>Resource Files</Filter>
    </Image>
    <Image Include="resources\checkmark-128.ico">
      <Filter>Resource Files</Filter>
    </Image>
    <Image Include="resources\plus-128.ico">
      <Filter>Resource Files</Filter>
    </Image>
    <Image Include="resources\load.ico">
      <Filter>Resource Files</Filter>
    </Image>
    <Image Include="resources\right-arrow.ico">
      <Filter>Resource Files</Filter>
    </Image>
    <Image Include="resources\activated.ico">
      <Filter>Resource Files</Filter>
    </Image>
    <Image Include="resources\informed.ico">
      <Filter>Resource Files</Filter>
    </Image>
    <Image Include="resources\leave.ico">
      <Filter>Resource Files</Filter>
    </Image>
    <Image Include="resources\perma-leave.ico">
      <Filter>Resource Files</Filter>
    </Image>
  </ItemGroup>
</Project>